
Microsoft Visual Studio Solution File, Format Version 12.00
# Visual Studio Version 16
VisualStudioVersion = 16.0.31105.61
MinimumVisualStudioVersion = 10.0.40219.1
Project("{FAE04EC0-301F-11D3-BF4B-00C04F79EFBC}") = "DigitalGeomancer", "DigitalGeomancer\DigitalGeomancer.csproj", "{29562334-A520-46EB-9DB9-41E4E33F08BE}"
EndProject
Project("{FAE04EC0-301F-11D3-BF4B-00C04F79EFBC}") = "DigitalGeomancerConsole", "DigitalGeomancerConsole\DigitalGeomancerConsole.csproj", "{AC878EE2-6A46-4BE8-83BE-012F7C8CDFB9}"
EndProject
Global
	GlobalSection(SolutionConfigurationPlatforms) = preSolution
		Debug|Any CPU = Debug|Any CPU
		Release|Any CPU = Release|Any CPU
	EndGlobalSection
	GlobalSection(ProjectConfigurationPlatforms) = postSolution
		{29562334-A520-46EB-9DB9-41E4E33F08BE}.Debug|Any CPU.ActiveCfg = Debug|Any CPU
		{29562334-A520-46EB-9DB9-41E4E33F08BE}.Debug|Any CPU.Build.0 = Debug|Any CPU
		{29562334-A520-46EB-9DB9-41E4E33F08BE}.Release|Any CPU.ActiveCfg = Release|Any CPU
		{29562334-A520-46EB-9DB9-41E4E33F08BE}.Release|Any CPU.Build.0 = Release|Any CPU
		{AC878EE2-6A46-4BE8-83BE-012F7C8CDFB9}.Debug|Any CPU.ActiveCfg = Debug|Any CPU
		{AC878EE2-6A46-4BE8-83BE-012F7C8CDFB9}.Debug|Any CPU.Build.0 = Debug|Any CPU
		{AC878EE2-6A46-4BE8-83BE-012F7C8CDFB9}.Release|Any CPU.ActiveCfg = Release|Any CPU
		{AC878EE2-6A46-4BE8-83BE-012F7C8CDFB9}.Release|Any CPU.Build.0 = Release|Any CPU
	EndGlobalSection
	GlobalSection(SolutionProperties) = preSolution
		HideSolutionNode = FALSE
	EndGlobalSection
	GlobalSection(ExtensibilityGlobals) = postSolution
		SolutionGuid = {4E0DDF6C-BC17-4F46-B51E-0EC9F315D598}
	EndGlobalSection
EndGlobal
